
Microsoft Visual Studio Solution File, Format Version 12.00
# Visual Studio Version 17
VisualStudioVersion = 17.3.32929.385
MinimumVisualStudioVersion = 10.0.40219.1
Project("{FAE04EC0-301F-11D3-BF4B-00C04F79EFBC}") = "ApiProducto", "ApiProducto\ApiProducto.csproj", "{BB24082C-2DA5-48DD-BD7A-EF9FF09FC647}"
EndProject
Global
	GlobalSection(SolutionConfigurationPlatforms) = preSolution
		Debug|Any CPU = Debug|Any CPU
		Release|Any CPU = Release|Any CPU
	EndGlobalSection
	GlobalSection(ProjectConfigurationPlatforms) = postSolution
		{BB24082C-2DA5-48DD-BD7A-EF9FF09FC647}.Debug|Any CPU.ActiveCfg = Debug|Any CPU
		{BB24082C-2DA5-48DD-BD7A-EF9FF09FC647}.Debug|Any CPU.Build.0 = Debug|Any CPU
		{BB24082C-2DA5-48DD-BD7A-EF9FF09FC647}.Release|Any CPU.ActiveCfg = Release|Any CPU
		{BB24082C-2DA5-48DD-BD7A-EF9FF09FC647}.Release|Any CPU.Build.0 = Release|Any CPU
	EndGlobalSection
	GlobalSection(SolutionProperties) = preSolution
		HideSolutionNode = FALSE
	EndGlobalSection
	GlobalSection(ExtensibilityGlobals) = postSolution
		SolutionGuid = {09B0BDC8-ACA9-4E0D-9BA2-F0E9F05AF059}
	EndGlobalSection
EndGlobal
